
Microsoft Visual Studio Solution File, Format Version 12.00
# Visual Studio 2012
Project("{8BC9CEB8-8B4A-11D0-8D11-00A0C91BC942}") = "BMP24toILI565", "BMP24toILI565.vcxproj", "{EFE947CC-711C-44E0-9FA5-605D37DD3E8C}"
EndProject
Global
	GlobalSection(SolutionConfigurationPlatforms) = preSolution
		Debug|Win32 = Debug|Win32
		Release|Win32 = Release|Win32
	EndGlobalSection
	GlobalSection(ProjectConfigurationPlatforms) = postSolution
		{EFE947CC-711C-44E0-9FA5-605D37DD3E8C}.Debug|Win32.ActiveCfg = Debug|Win32
		{EFE947CC-711C-44E0-9FA5-605D37DD3E8C}.Debug|Win32.Build.0 = Debug|Win32
		{EFE947CC-711C-44E0-9FA5-605D37DD3E8C}.Release|Win32.ActiveCfg = Release|Win32
		{EFE947CC-711C-44E0-9FA5-605D37DD3E8C}.Release|Win32.Build.0 = Release|Win32
	EndGlobalSection
	GlobalSection(SolutionProperties) = preSolution
		HideSolutionNode = FALSE
	EndGlobalSection
EndGlobal
